
Microsoft Visual Studio Solution File, Format Version 12.00
# Visual Studio Version 17
VisualStudioVersion = 17.10.34804.81
MinimumVisualStudioVersion = 10.0.40219.1
Project("{FAE04EC0-301F-11D3-BF4B-00C04F79EFBC}") = "Week5", "Week5\Week5.csproj", "{B62433A3-D14D-49D5-92F0-3648E7523C6F}"
EndProject
Project("{FAE04EC0-301F-11D3-BF4B-00C04F79EFBC}") = "Week5LogicalOperators", "Week5LogicalOperators\Week5LogicalOperators.csproj", "{46BE7A8F-57B9-433B-A96F-4D7818506F0F}"
EndProject
Project("{FAE04EC0-301F-11D3-BF4B-00C04F79EFBC}") = "oroperator", "oroperator\oroperator.csproj", "{72CCB6AD-714A-48EA-984C-8F9EEEF1D2E6}"
EndProject
Project("{FAE04EC0-301F-11D3-BF4B-00C04F79EFBC}") = "andoperator", "andoperator\andoperator.csproj", "{F744400A-2142-435F-8694-B0E64BC31AD4}"
EndProject
Global
	GlobalSection(SolutionConfigurationPlatforms) = preSolution
		Debug|Any CPU = Debug|Any CPU
		Release|Any CPU = Release|Any CPU
	EndGlobalSection
	GlobalSection(ProjectConfigurationPlatforms) = postSolution
		{B62433A3-D14D-49D5-92F0-3648E7523C6F}.Debug|Any CPU.ActiveCfg = Debug|Any CPU
		{B62433A3-D14D-49D5-92F0-3648E7523C6F}.Debug|Any CPU.Build.0 = Debug|Any CPU
		{B62433A3-D14D-49D5-92F0-3648E7523C6F}.Release|Any CPU.ActiveCfg = Release|Any CPU
		{B62433A3-D14D-49D5-92F0-3648E7523C6F}.Release|Any CPU.Build.0 = Release|Any CPU
		{46BE7A8F-57B9-433B-A96F-4D7818506F0F}.Debug|Any CPU.ActiveCfg = Debug|Any CPU
		{46BE7A8F-57B9-433B-A96F-4D7818506F0F}.Debug|Any CPU.Build.0 = Debug|Any CPU
		{46BE7A8F-57B9-433B-A96F-4D7818506F0F}.Release|Any CPU.ActiveCfg = Release|Any CPU
		{46BE7A8F-57B9-433B-A96F-4D7818506F0F}.Release|Any CPU.Build.0 = Release|Any CPU
		{72CCB6AD-714A-48EA-984C-8F9EEEF1D2E6}.Debug|Any CPU.ActiveCfg = Debug|Any CPU
		{72CCB6AD-714A-48EA-984C-8F9EEEF1D2E6}.Debug|Any CPU.Build.0 = Debug|Any CPU
		{72CCB6AD-714A-48EA-984C-8F9EEEF1D2E6}.Release|Any CPU.ActiveCfg = Release|Any CPU
		{72CCB6AD-714A-48EA-984C-8F9EEEF1D2E6}.Release|Any CPU.Build.0 = Release|Any CPU
		{F744400A-2142-435F-8694-B0E64BC31AD4}.Debug|Any CPU.ActiveCfg = Debug|Any CPU
		{F744400A-2142-435F-8694-B0E64BC31AD4}.Debug|Any CPU.Build.0 = Debug|Any CPU
		{F744400A-2142-435F-8694-B0E64BC31AD4}.Release|Any CPU.ActiveCfg = Release|Any CPU
		{F744400A-2142-435F-8694-B0E64BC31AD4}.Release|Any CPU.Build.0 = Release|Any CPU
	EndGlobalSection
	GlobalSection(SolutionProperties) = preSolution
		HideSolutionNode = FALSE
	EndGlobalSection
	GlobalSection(ExtensibilityGlobals) = postSolution
		SolutionGuid = {61820DB9-6502-40D5-AE1D-AC7D70F685E9}
	EndGlobalSection
EndGlobal
